
Microsoft Visual Studio Solution File, Format Version 12.00
# Visual Studio Version 17
VisualStudioVersion = 17.1.32421.90
MinimumVisualStudioVersion = 10.0.40219.1
Project("{9A19103F-16F7-4668-BE54-9A1E7A4F7556}") = "JinGine.WinForms", "JinGine.WinForms\JinGine.WinForms.csproj", "{4BBB491C-AF3B-4BA6-9A88-BA36C7CF14BA}"
EndProject
Project("{9A19103F-16F7-4668-BE54-9A1E7A4F7556}") = "JinGine.Domain", "JinGine.Domain\JinGine.Domain.csproj", "{12A305C6-AD25-4F4F-A4B5-E80460931409}"
EndProject
Project("{9A19103F-16F7-4668-BE54-9A1E7A4F7556}") = "JinGine.Infra", "JinGine.Infra\JinGine.Infra.csproj", "{72801859-DF66-4155-8A73-60C7D6FE32FE}"
EndProject
Project("{9A19103F-16F7-4668-BE54-9A1E7A4F7556}") = "JinGine.App", "JinGine.App\JinGine.App.csproj", "{A1FF918C-B8C7-4174-834E-A73EBC5653A1}"
EndProject
Project("{9A19103F-16F7-4668-BE54-9A1E7A4F7556}") = "JinGine.App.Tests", "JinGine.App.Tests\JinGine.App.Tests.csproj", "{5A4763E7-2278-4834-AB1E-EE8803FE6C90}"
EndProject
Project("{9A19103F-16F7-4668-BE54-9A1E7A4F7556}") = "JinGine.Domain.Tests", "JinGine.Domain.Tests\JinGine.Domain.Tests.csproj", "{3481896E-1FA6-4957-B3E3-8B81C2703FB9}"
EndProject
Project("{9A19103F-16F7-4668-BE54-9A1E7A4F7556}") = "JinGine.Infra.Tests", "JinGine.Infra.Tests\JinGine.Infra.Tests.csproj", "{46164AF7-A307-4CBA-81E7-305AFBE0F34E}"
EndProject
Project("{FAE04EC0-301F-11D3-BF4B-00C04F79EFBC}") = "JinGine.Domain.Benchmark", "JinGine.Domain.Benchmark\JinGine.Domain.Benchmark.csproj", "{E323967E-FA8B-4302-BF73-6FC7121F61D1}"
EndProject
Global
	GlobalSection(SolutionConfigurationPlatforms) = preSolution
		Debug|Any CPU = Debug|Any CPU
		Release|Any CPU = Release|Any CPU
	EndGlobalSection
	GlobalSection(ProjectConfigurationPlatforms) = postSolution
		{4BBB491C-AF3B-4BA6-9A88-BA36C7CF14BA}.Debug|Any CPU.ActiveCfg = Debug|Any CPU
		{4BBB491C-AF3B-4BA6-9A88-BA36C7CF14BA}.Debug|Any CPU.Build.0 = Debug|Any CPU
		{4BBB491C-AF3B-4BA6-9A88-BA36C7CF14BA}.Release|Any CPU.ActiveCfg = Release|Any CPU
		{4BBB491C-AF3B-4BA6-9A88-BA36C7CF14BA}.Release|Any CPU.Build.0 = Release|Any CPU
		{12A305C6-AD25-4F4F-A4B5-E80460931409}.Debug|Any CPU.ActiveCfg = Debug|Any CPU
		{12A305C6-AD25-4F4F-A4B5-E80460931409}.Debug|Any CPU.Build.0 = Debug|Any CPU
		{12A305C6-AD25-4F4F-A4B5-E80460931409}.Release|Any CPU.ActiveCfg = Release|Any CPU
		{12A305C6-AD25-4F4F-A4B5-E80460931409}.Release|Any CPU.Build.0 = Release|Any CPU
		{72801859-DF66-4155-8A73-60C7D6FE32FE}.Debug|Any CPU.ActiveCfg = Debug|Any CPU
		{72801859-DF66-4155-8A73-60C7D6FE32FE}.Debug|Any CPU.Build.0 = Debug|Any CPU
		{72801859-DF66-4155-8A73-60C7D6FE32FE}.Release|Any CPU.ActiveCfg = Release|Any CPU
		{72801859-DF66-4155-8A73-60C7D6FE32FE}.Release|Any CPU.Build.0 = Release|Any CPU
		{A1FF918C-B8C7-4174-834E-A73EBC5653A1}.Debug|Any CPU.ActiveCfg = Debug|Any CPU
		{A1FF918C-B8C7-4174-834E-A73EBC5653A1}.Debug|Any CPU.Build.0 = Debug|Any CPU
		{A1FF918C-B8C7-4174-834E-A73EBC5653A1}.Release|Any CPU.ActiveCfg = Release|Any CPU
		{A1FF918C-B8C7-4174-834E-A73EBC5653A1}.Release|Any CPU.Build.0 = Release|Any CPU
		{5A4763E7-2278-4834-AB1E-EE8803FE6C90}.Debug|Any CPU.ActiveCfg = Debug|Any CPU
		{5A4763E7-2278-4834-AB1E-EE8803FE6C90}.Debug|Any CPU.Build.0 = Debug|Any CPU
		{5A4763E7-2278-4834-AB1E-EE8803FE6C90}.Release|Any CPU.ActiveCfg = Release|Any CPU
		{5A4763E7-2278-4834-AB1E-EE8803FE6C90}.Release|Any CPU.Build.0 = Release|Any CPU
		{3481896E-1FA6-4957-B3E3-8B81C2703FB9}.Debug|Any CPU.ActiveCfg = Debug|Any CPU
		{3481896E-1FA6-4957-B3E3-8B81C2703FB9}.Debug|Any CPU.Build.0 = Debug|Any CPU
		{3481896E-1FA6-4957-B3E3-8B81C2703FB9}.Release|Any CPU.ActiveCfg = Release|Any CPU
		{3481896E-1FA6-4957-B3E3-8B81C2703FB9}.Release|Any CPU.Build.0 = Release|Any CPU
		{46164AF7-A307-4CBA-81E7-305AFBE0F34E}.Debug|Any CPU.ActiveCfg = Debug|Any CPU
		{46164AF7-A307-4CBA-81E7-305AFBE0F34E}.Debug|Any CPU.Build.0 = Debug|Any CPU
		{46164AF7-A307-4CBA-81E7-305AFBE0F34E}.Release|Any CPU.ActiveCfg = Release|Any CPU
		{46164AF7-A307-4CBA-81E7-305AFBE0F34E}.Release|Any CPU.Build.0 = Release|Any CPU
		{E323967E-FA8B-4302-BF73-6FC7121F61D1}.Debug|Any CPU.ActiveCfg = Debug|Any CPU
		{E323967E-FA8B-4302-BF73-6FC7121F61D1}.Debug|Any CPU.Build.0 = Debug|Any CPU
		{E323967E-FA8B-4302-BF73-6FC7121F61D1}.Release|Any CPU.ActiveCfg = Release|Any CPU
		{E323967E-FA8B-4302-BF73-6FC7121F61D1}.Release|Any CPU.Build.0 = Release|Any CPU
	EndGlobalSection
	GlobalSection(SolutionProperties) = preSolution
		HideSolutionNode = FALSE
	EndGlobalSection
	GlobalSection(ExtensibilityGlobals) = postSolution
		SolutionGuid = {F2E3A9B1-EF02-4D4E-B0AC-E5B15718F223}
	EndGlobalSection
EndGlobal
